// !$*UTF8*$!
{
	archiveVersion = 1;
	classes = {
	};
	objectVersion = 46;
	objects = {

/* Begin PBXBuildFile section */
		3FB3F7961E2FBD2400929DDB /* widget.appex in Embed App Extensions */ = {isa = PBXBuildFile; fileRef = 3FB3F78C1E2FBD2400929DDB /* widget.appex */; settings = {ATTRIBUTES = (RemoveHeadersOnCopy, ); }; };
		3FB3F7A21E2FBEAB00929DDB /* NotificationCenter.framework in Frameworks */ = {isa = PBXBuildFile; fileRef = 3FB3F7A11E2FBEAB00929DDB /* NotificationCenter.framework */; };
		3FB3F7A51E2FBEAB00929DDB /* TodayViewController.swift in Sources */ = {isa = PBXBuildFile; fileRef = 3FB3F7A41E2FBEAB00929DDB /* TodayViewController.swift */; };
		3FB3F7A81E2FBEAB00929DDB /* MainInterface.storyboard in Resources */ = {isa = PBXBuildFile; fileRef = 3FB3F7A61E2FBEAB00929DDB /* MainInterface.storyboard */; };
		3FB3F7AC1E2FBEAB00929DDB /* wiget.appex in Embed App Extensions */ = {isa = PBXBuildFile; fileRef = 3FB3F79F1E2FBEAB00929DDB /* wiget.appex */; settings = {ATTRIBUTES = (RemoveHeadersOnCopy, ); }; };
		3FBCB1841DF8FBD700319552 /* AppDelegate.swift in Sources */ = {isa = PBXBuildFile; fileRef = 3FBCB1831DF8FBD700319552 /* AppDelegate.swift */; };
		3FBCB1861DF8FBD700319552 /* ViewController.swift in Sources */ = {isa = PBXBuildFile; fileRef = 3FBCB1851DF8FBD700319552 /* ViewController.swift */; };
		3FBCB1891DF8FBD700319552 /* Main.storyboard in Resources */ = {isa = PBXBuildFile; fileRef = 3FBCB1871DF8FBD700319552 /* Main.storyboard */; };
		3FBCB18B1DF8FBD700319552 /* Assets.xcassets in Resources */ = {isa = PBXBuildFile; fileRef = 3FBCB18A1DF8FBD700319552 /* Assets.xcassets */; };
		3FBCB18E1DF8FBD700319552 /* LaunchScreen.storyboard in Resources */ = {isa = PBXBuildFile; fileRef = 3FBCB18C1DF8FBD700319552 /* LaunchScreen.storyboard */; };
		3FBCB1991DF8FBD700319552 /* ToDoListTests.swift in Sources */ = {isa = PBXBuildFile; fileRef = 3FBCB1981DF8FBD700319552 /* ToDoListTests.swift */; };
		3FBCB1A41DF8FBD700319552 /* ToDoListUITests.swift in Sources */ = {isa = PBXBuildFile; fileRef = 3FBCB1A31DF8FBD700319552 /* ToDoListUITests.swift */; };
		3FBCB1B21DF8FDCF00319552 /* AddToDo.swift in Sources */ = {isa = PBXBuildFile; fileRef = 3FBCB1B11DF8FDCF00319552 /* AddToDo.swift */; };
/* End PBXBuildFile section */

/* Begin PBXContainerItemProxy section */
		3FB3F7941E2FBD2400929DDB /* PBXContainerItemProxy */ = {
			isa = PBXContainerItemProxy;
			containerPortal = 3FBCB1781DF8FBD700319552 /* Project object */;
			proxyType = 1;
			remoteGlobalIDString = 3FB3F78B1E2FBD2400929DDB;
			remoteInfo = widget;
		};
		3FB3F7AA1E2FBEAB00929DDB /* PBXContainerItemProxy */ = {
			isa = PBXContainerItemProxy;
			containerPortal = 3FBCB1781DF8FBD700319552 /* Project object */;
			proxyType = 1;
			remoteGlobalIDString = 3FB3F79E1E2FBEAB00929DDB;
			remoteInfo = wiget;
		};
		3FBCB1951DF8FBD700319552 /* PBXContainerItemProxy */ = {
			isa = PBXContainerItemProxy;
			containerPortal = 3FBCB1781DF8FBD700319552 /* Project object */;
			proxyType = 1;
			remoteGlobalIDString = 3FBCB17F1DF8FBD700319552;
			remoteInfo = ToDoList;
		};
		3FBCB1A01DF8FBD700319552 /* PBXContainerItemProxy */ = {
			isa = PBXContainerItemProxy;
			containerPortal = 3FBCB1781DF8FBD700319552 /* Project object */;
			proxyType = 1;
			remoteGlobalIDString = 3FBCB17F1DF8FBD700319552;
			remoteInfo = ToDoList;
		};
/* End PBXContainerItemProxy section */

/* Begin PBXCopyFilesBuildPhase section */
		3FB3F79A1E2FBD2400929DDB /* Embed App Extensions */ = {
			isa = PBXCopyFilesBuildPhase;
			buildActionMask = 2147483647;
			dstPath = "";
			dstSubfolderSpec = 13;
			files = (
				3FB3F7961E2FBD2400929DDB /* widget.appex in Embed App Extensions */,
				3FB3F7AC1E2FBEAB00929DDB /* wiget.appex in Embed App Extensions */,
			);
			name = "Embed App Extensions";
			runOnlyForDeploymentPostprocessing = 0;
		};
/* End PBXCopyFilesBuildPhase section */

/* Begin PBXFileReference section */
		3FB3F78C1E2FBD2400929DDB /* widget.appex */ = {isa = PBXFileReference; explicitFileType = "wrapper.app-extension"; includeInIndex = 0; path = widget.appex; sourceTree = BUILT_PRODUCTS_DIR; };
		3FB3F79F1E2FBEAB00929DDB /* wiget.appex */ = {isa = PBXFileReference; explicitFileType = "wrapper.app-extension"; includeInIndex = 0; path = wiget.appex; sourceTree = BUILT_PRODUCTS_DIR; };
		3FB3F7A11E2FBEAB00929DDB /* NotificationCenter.framework */ = {isa = PBXFileReference; lastKnownFileType = wrapper.framework; name = NotificationCenter.framework; path = System/Library/Frameworks/NotificationCenter.framework; sourceTree = SDKROOT; };
		3FB3F7A41E2FBEAB00929DDB /* TodayViewController.swift */ = {isa = PBXFileReference; lastKnownFileType = sourcecode.swift; path = TodayViewController.swift; sourceTree = "<group>"; };
		3FB3F7A71E2FBEAB00929DDB /* Base */ = {isa = PBXFileReference; lastKnownFileType = file.storyboard; name = Base; path = Base.lproj/MainInterface.storyboard; sourceTree = "<group>"; };
		3FB3F7A91E2FBEAB00929DDB /* Info.plist */ = {isa = PBXFileReference; lastKnownFileType = text.plist.xml; path = Info.plist; sourceTree = "<group>"; };
		3FBCB1801DF8FBD700319552 /* ToDoList.app */ = {isa = PBXFileReference; explicitFileType = wrapper.application; includeInIndex = 0; path = ToDoList.app; sourceTree = BUILT_PRODUCTS_DIR; };
		3FBCB1831DF8FBD700319552 /* AppDelegate.swift */ = {isa = PBXFileReference; lastKnownFileType = sourcecode.swift; path = AppDelegate.swift; sourceTree = "<group>"; };
		3FBCB1851DF8FBD700319552 /* ViewController.swift */ = {isa = PBXFileReference; lastKnownFileType = sourcecode.swift; path = ViewController.swift; sourceTree = "<group>"; };
		3FBCB1881DF8FBD700319552 /* Base */ = {isa = PBXFileReference; lastKnownFileType = file.storyboard; name = Base; path = Base.lproj/Main.storyboard; sourceTree = "<group>"; };
		3FBCB18A1DF8FBD700319552 /* Assets.xcassets */ = {isa = PBXFileReference; lastKnownFileType = folder.assetcatalog; path = Assets.xcassets; sourceTree = "<group>"; };
		3FBCB18D1DF8FBD700319552 /* Base */ = {isa = PBXFileReference; lastKnownFileType = file.storyboard; name = Base; path = Base.lproj/LaunchScreen.storyboard; sourceTree = "<group>"; };
		3FBCB18F1DF8FBD700319552 /* Info.plist */ = {isa = PBXFileReference; lastKnownFileType = text.plist.xml; path = Info.plist; sourceTree = "<group>"; };
		3FBCB1941DF8FBD700319552 /* ToDoListTests.xctest */ = {isa = PBXFileReference; explicitFileType = wrapper.cfbundle; includeInIndex = 0; path = ToDoListTests.xctest; sourceTree = BUILT_PRODUCTS_DIR; };
		3FBCB1981DF8FBD700319552 /* ToDoListTests.swift */ = {isa = PBXFileReference; lastKnownFileType = sourcecode.swift; path = ToDoListTests.swift; sourceTree = "<group>"; };
		3FBCB19A1DF8FBD700319552 /* Info.plist */ = {isa = PBXFileReference; lastKnownFileType = text.plist.xml; path = Info.plist; sourceTree = "<group>"; };
		3FBCB19F1DF8FBD700319552 /* ToDoListUITests.xctest */ = {isa = PBXFileReference; explicitFileType = wrapper.cfbundle; includeInIndex = 0; path = ToDoListUITests.xctest; sourceTree = BUILT_PRODUCTS_DIR; };
		3FBCB1A31DF8FBD700319552 /* ToDoListUITests.swift */ = {isa = PBXFileReference; lastKnownFileType = sourcecode.swift; path = ToDoListUITests.swift; sourceTree = "<group>"; };
		3FBCB1A51DF8FBD700319552 /* Info.plist */ = {isa = PBXFileReference; lastKnownFileType = text.plist.xml; path = Info.plist; sourceTree = "<group>"; };
		3FBCB1B11DF8FDCF00319552 /* AddToDo.swift */ = {isa = PBXFileReference; fileEncoding = 4; lastKnownFileType = sourcecode.swift; path = AddToDo.swift; sourceTree = "<group>"; };
/* End PBXFileReference section */

/* Begin PBXFrameworksBuildPhase section */
		3FB3F7891E2FBD2400929DDB /* Frameworks */ = {
			isa = PBXFrameworksBuildPhase;
			buildActionMask = 2147483647;
			files = (
			);
			runOnlyForDeploymentPostprocessing = 0;
		};
		3FB3F79C1E2FBEAB00929DDB /* Frameworks */ = {
			isa = PBXFrameworksBuildPhase;
			buildActionMask = 2147483647;
			files = (
				3FB3F7A21E2FBEAB00929DDB /* NotificationCenter.framework in Frameworks */,
			);
			runOnlyForDeploymentPostprocessing = 0;
		};
		3FBCB17D1DF8FBD700319552 /* Frameworks */ = {
			isa = PBXFrameworksBuildPhase;
			buildActionMask = 2147483647;
			files = (
			);
			runOnlyForDeploymentPostprocessing = 0;
		};
		3FBCB1911DF8FBD700319552 /* Frameworks */ = {
			isa = PBXFrameworksBuildPhase;
			buildActionMask = 2147483647;
			files = (
			);
			runOnlyForDeploymentPostprocessing = 0;
		};
		3FBCB19C1DF8FBD700319552 /* Frameworks */ = {
			isa = PBXFrameworksBuildPhase;
			buildActionMask = 2147483647;
			files = (
			);
			runOnlyForDeploymentPostprocessing = 0;
		};
/* End PBXFrameworksBuildPhase section */

/* Begin PBXGroup section */
		3FB3F7A01E2FBEAB00929DDB /* Frameworks */ = {
			isa = PBXGroup;
			children = (
				3FB3F7A11E2FBEAB00929DDB /* NotificationCenter.framework */,
			);
			name = Frameworks;
			sourceTree = "<group>";
		};
		3FB3F7A31E2FBEAB00929DDB /* wiget */ = {
			isa = PBXGroup;
			children = (
				3FB3F7A41E2FBEAB00929DDB /* TodayViewController.swift */,
				3FB3F7A61E2FBEAB00929DDB /* MainInterface.storyboard */,
				3FB3F7A91E2FBEAB00929DDB /* Info.plist */,
			);
			path = wiget;
			sourceTree = "<group>";
		};
		3FBCB1771DF8FBD700319552 = {
			isa = PBXGroup;
			children = (
				3FBCB1821DF8FBD700319552 /* ToDoList */,
				3FBCB1971DF8FBD700319552 /* ToDoListTests */,
				3FBCB1A21DF8FBD700319552 /* ToDoListUITests */,
				3FB3F7A31E2FBEAB00929DDB /* wiget */,
				3FB3F7A01E2FBEAB00929DDB /* Frameworks */,
				3FBCB1811DF8FBD700319552 /* Products */,
			);
			sourceTree = "<group>";
		};
		3FBCB1811DF8FBD700319552 /* Products */ = {
			isa = PBXGroup;
			children = (
				3FBCB1801DF8FBD700319552 /* ToDoList.app */,
				3FBCB1941DF8FBD700319552 /* ToDoListTests.xctest */,
				3FBCB19F1DF8FBD700319552 /* ToDoListUITests.xctest */,
				3FB3F78C1E2FBD2400929DDB /* widget.appex */,
				3FB3F79F1E2FBEAB00929DDB /* wiget.appex */,
			);
			name = Products;
			sourceTree = "<group>";
		};
		3FBCB1821DF8FBD700319552 /* ToDoList */ = {
			isa = PBXGroup;
			children = (
				3FBCB1831DF8FBD700319552 /* AppDelegate.swift */,
				3FBCB1851DF8FBD700319552 /* ViewController.swift */,
				3FBCB1B11DF8FDCF00319552 /* AddToDo.swift */,
				3FBCB1871DF8FBD700319552 /* Main.storyboard */,
				3FBCB18A1DF8FBD700319552 /* Assets.xcassets */,
				3FBCB18C1DF8FBD700319552 /* LaunchScreen.storyboard */,
				3FBCB18F1DF8FBD700319552 /* Info.plist */,
			);
			path = ToDoList;
			sourceTree = "<group>";
		};
		3FBCB1971DF8FBD700319552 /* ToDoListTests */ = {
			isa = PBXGroup;
			children = (
				3FBCB1981DF8FBD700319552 /* ToDoListTests.swift */,
				3FBCB19A1DF8FBD700319552 /* Info.plist */,
			);
			path = ToDoListTests;
			sourceTree = "<group>";
		};
		3FBCB1A21DF8FBD700319552 /* ToDoListUITests */ = {
			isa = PBXGroup;
			children = (
				3FBCB1A31DF8FBD700319552 /* ToDoListUITests.swift */,
				3FBCB1A51DF8FBD700319552 /* Info.plist */,
			);
			path = ToDoListUITests;
			sourceTree = "<group>";
		};
/* End PBXGroup section */

/* Begin PBXNativeTarget section */
		3FB3F78B1E2FBD2400929DDB /* widget */ = {
			isa = PBXNativeTarget;
			buildConfigurationList = 3FB3F7991E2FBD2400929DDB /* Build configuration list for PBXNativeTarget "widget" */;
			buildPhases = (
				3FB3F7881E2FBD2400929DDB /* Sources */,
				3FB3F7891E2FBD2400929DDB /* Frameworks */,
				3FB3F78A1E2FBD2400929DDB /* Resources */,
			);
			buildRules = (
			);
			dependencies = (
			);
			name = widget;
			productName = widget;
			productReference = 3FB3F78C1E2FBD2400929DDB /* widget.appex */;
			productType = "com.apple.product-type.app-extension";
		};
		3FB3F79E1E2FBEAB00929DDB /* wiget */ = {
			isa = PBXNativeTarget;
			buildConfigurationList = 3FB3F7AD1E2FBEAB00929DDB /* Build configuration list for PBXNativeTarget "wiget" */;
			buildPhases = (
				3FB3F79B1E2FBEAB00929DDB /* Sources */,
				3FB3F79C1E2FBEAB00929DDB /* Frameworks */,
				3FB3F79D1E2FBEAB00929DDB /* Resources */,
			);
			buildRules = (
			);
			dependencies = (
			);
			name = wiget;
			productName = wiget;
			productReference = 3FB3F79F1E2FBEAB00929DDB /* wiget.appex */;
			productType = "com.apple.product-type.app-extension";
		};
		3FBCB17F1DF8FBD700319552 /* ToDoList */ = {
			isa = PBXNativeTarget;
			buildConfigurationList = 3FBCB1A81DF8FBD700319552 /* Build configuration list for PBXNativeTarget "ToDoList" */;
			buildPhases = (
				3FBCB17C1DF8FBD700319552 /* Sources */,
				3FBCB17D1DF8FBD700319552 /* Frameworks */,
				3FBCB17E1DF8FBD700319552 /* Resources */,
				3FB3F79A1E2FBD2400929DDB /* Embed App Extensions */,
			);
			buildRules = (
			);
			dependencies = (
				3FB3F7951E2FBD2400929DDB /* PBXTargetDependency */,
				3FB3F7AB1E2FBEAB00929DDB /* PBXTargetDependency */,
			);
			name = ToDoList;
			productName = ToDoList;
			productReference = 3FBCB1801DF8FBD700319552 /* ToDoList.app */;
			productType = "com.apple.product-type.application";
		};
		3FBCB1931DF8FBD700319552 /* ToDoListTests */ = {
			isa = PBXNativeTarget;
			buildConfigurationList = 3FBCB1AB1DF8FBD700319552 /* Build configuration list for PBXNativeTarget "ToDoListTests" */;
			buildPhases = (
				3FBCB1901DF8FBD700319552 /* Sources */,
				3FBCB1911DF8FBD700319552 /* Frameworks */,
				3FBCB1921DF8FBD700319552 /* Resources */,
			);
			buildRules = (
			);
			dependencies = (
				3FBCB1961DF8FBD700319552 /* PBXTargetDependency */,
			);
			name = ToDoListTests;
			productName = ToDoListTests;
			productReference = 3FBCB1941DF8FBD700319552 /* ToDoListTests.xctest */;
			productType = "com.apple.product-type.bundle.unit-test";
		};
		3FBCB19E1DF8FBD700319552 /* ToDoListUITests */ = {
			isa = PBXNativeTarget;
			buildConfigurationList = 3FBCB1AE1DF8FBD700319552 /* Build configuration list for PBXNativeTarget "ToDoListUITests" */;
			buildPhases = (
				3FBCB19B1DF8FBD700319552 /* Sources */,
				3FBCB19C1DF8FBD700319552 /* Frameworks */,
				3FBCB19D1DF8FBD700319552 /* Resources */,
			);
			buildRules = (
			);
			dependencies = (
				3FBCB1A11DF8FBD700319552 /* PBXTargetDependency */,
			);
			name = ToDoListUITests;
			productName = ToDoListUITests;
			productReference = 3FBCB19F1DF8FBD700319552 /* ToDoListUITests.xctest */;
			productType = "com.apple.product-type.bundle.ui-testing";
		};
/* End PBXNativeTarget section */

/* Begin PBXProject section */
		3FBCB1781DF8FBD700319552 /* Project object */ = {
			isa = PBXProject;
			attributes = {
				LastSwiftUpdateCheck = 0810;
				LastUpgradeCheck = 0810;
				ORGANIZATIONNAME = RyukyuUniversity;
				TargetAttributes = {
					3FB3F78B1E2FBD2400929DDB = {
						CreatedOnToolsVersion = 8.1;
						DevelopmentTeam = 2PJVDDC92U;
						ProvisioningStyle = Automatic;
					};
					3FB3F79E1E2FBEAB00929DDB = {
						CreatedOnToolsVersion = 8.1;
						DevelopmentTeam = 2PJVDDC92U;
						ProvisioningStyle = Automatic;
					};
					3FBCB17F1DF8FBD700319552 = {
						CreatedOnToolsVersion = 8.1;
						DevelopmentTeam = 2PJVDDC92U;
						ProvisioningStyle = Automatic;
					};
					3FBCB1931DF8FBD700319552 = {
						CreatedOnToolsVersion = 8.1;
						ProvisioningStyle = Automatic;
						TestTargetID = 3FBCB17F1DF8FBD700319552;
					};
					3FBCB19E1DF8FBD700319552 = {
						CreatedOnToolsVersion = 8.1;
						ProvisioningStyle = Automatic;
						TestTargetID = 3FBCB17F1DF8FBD700319552;
					};
				};
			};
			buildConfigurationList = 3FBCB17B1DF8FBD700319552 /* Build configuration list for PBXProject "ToDoList" */;
			compatibilityVersion = "Xcode 3.2";
			developmentRegion = English;
			hasScannedForEncodings = 0;
			knownRegions = (
				en,
				Base,
			);
			mainGroup = 3FBCB1771DF8FBD700319552;
			productRefGroup = 3FBCB1811DF8FBD700319552 /* Products */;
			projectDirPath = "";
			projectRoot = "";
			targets = (
				3FBCB17F1DF8FBD700319552 /* ToDoList */,
				3FBCB1931DF8FBD700319552 /* ToDoListTests */,
				3FBCB19E1DF8FBD700319552 /* ToDoListUITests */,
				3FB3F78B1E2FBD2400929DDB /* widget */,
				3FB3F79E1E2FBEAB00929DDB /* wiget */,
			);
		};
/* End PBXProject section */

/* Begin PBXResourcesBuildPhase section */
		3FB3F78A1E2FBD2400929DDB /* Resources */ = {
			isa = PBXResourcesBuildPhase;
			buildActionMask = 2147483647;
			files = (
			);
			runOnlyForDeploymentPostprocessing = 0;
		};
		3FB3F79D1E2FBEAB00929DDB /* Resources */ = {
			isa = PBXResourcesBuildPhase;
			buildActionMask = 2147483647;
			files = (
				3FB3F7A81E2FBEAB00929DDB /* MainInterface.storyboard in Resources */,
			);
			runOnlyForDeploymentPostprocessing = 0;
		};
		3FBCB17E1DF8FBD700319552 /* Resources */ = {
			isa = PBXResourcesBuildPhase;
			buildActionMask = 2147483647;
			files = (
				3FBCB18E1DF8FBD700319552 /* LaunchScreen.storyboard in Resources */,
				3FBCB18B1DF8FBD700319552 /* Assets.xcassets in Resources */,
				3FBCB1891DF8FBD700319552 /* Main.storyboard in Resources */,
			);
			runOnlyForDeploymentPostprocessing = 0;
		};
		3FBCB1921DF8FBD700319552 /* Resources */ = {
			isa = PBXResourcesBuildPhase;
			buildActionMask = 2147483647;
			files = (
			);
			runOnlyForDeploymentPostprocessing = 0;
		};
		3FBCB19D1DF8FBD700319552 /* Resources */ = {
			isa = PBXResourcesBuildPhase;
			buildActionMask = 2147483647;
			files = (
			);
			runOnlyForDeploymentPostprocessing = 0;
		};
/* End PBXResourcesBuildPhase section */

/* Begin PBXSourcesBuildPhase section */
		3FB3F7881E2FBD2400929DDB /* Sources */ = {
			isa = PBXSourcesBuildPhase;
			buildActionMask = 2147483647;
			files = (
			);
			runOnlyForDeploymentPostprocessing = 0;
		};
		3FB3F79B1E2FBEAB00929DDB /* Sources */ = {
			isa = PBXSourcesBuildPhase;
			buildActionMask = 2147483647;
			files = (
				3FB3F7A51E2FBEAB00929DDB /* TodayViewController.swift in Sources */,
			);
			runOnlyForDeploymentPostprocessing = 0;
		};
		3FBCB17C1DF8FBD700319552 /* Sources */ = {
			isa = PBXSourcesBuildPhase;
			buildActionMask = 2147483647;
			files = (
				3FBCB1861DF8FBD700319552 /* ViewController.swift in Sources */,
				3FBCB1B21DF8FDCF00319552 /* AddToDo.swift in Sources */,
				3FBCB1841DF8FBD700319552 /* AppDelegate.swift in Sources */,
			);
			runOnlyForDeploymentPostprocessing = 0;
		};
		3FBCB1901DF8FBD700319552 /* Sources */ = {
			isa = PBXSourcesBuildPhase;
			buildActionMask = 2147483647;
			files = (
				3FBCB1991DF8FBD700319552 /* ToDoListTests.swift in Sources */,
			);
			runOnlyForDeploymentPostprocessing = 0;
		};
		3FBCB19B1DF8FBD700319552 /* Sources */ = {
			isa = PBXSourcesBuildPhase;
			buildActionMask = 2147483647;
			files = (
				3FBCB1A41DF8FBD700319552 /* ToDoListUITests.swift in Sources */,
			);
			runOnlyForDeploymentPostprocessing = 0;
		};
/* End PBXSourcesBuildPhase section */

/* Begin PBXTargetDependency section */
		3FB3F7951E2FBD2400929DDB /* PBXTargetDependency */ = {
			isa = PBXTargetDependency;
			target = 3FB3F78B1E2FBD2400929DDB /* widget */;
			targetProxy = 3FB3F7941E2FBD2400929DDB /* PBXContainerItemProxy */;
		};
		3FB3F7AB1E2FBEAB00929DDB /* PBXTargetDependency */ = {
			isa = PBXTargetDependency;
			target = 3FB3F79E1E2FBEAB00929DDB /* wiget */;
			targetProxy = 3FB3F7AA1E2FBEAB00929DDB /* PBXContainerItemProxy */;
		};
		3FBCB1961DF8FBD700319552 /* PBXTargetDependency */ = {
			isa = PBXTargetDependency;
			target = 3FBCB17F1DF8FBD700319552 /* ToDoList */;
			targetProxy = 3FBCB1951DF8FBD700319552 /* PBXContainerItemProxy */;
		};
		3FBCB1A11DF8FBD700319552 /* PBXTargetDependency */ = {
			isa = PBXTargetDependency;
			target = 3FBCB17F1DF8FBD700319552 /* ToDoList */;
			targetProxy = 3FBCB1A01DF8FBD700319552 /* PBXContainerItemProxy */;
		};
/* End PBXTargetDependency section */

/* Begin PBXVariantGroup section */
		3FB3F7A61E2FBEAB00929DDB /* MainInterface.storyboard */ = {
			isa = PBXVariantGroup;
			children = (
				3FB3F7A71E2FBEAB00929DDB /* Base */,
			);
			name = MainInterface.storyboard;
			sourceTree = "<group>";
		};
		3FBCB1871DF8FBD700319552 /* Main.storyboard */ = {
			isa = PBXVariantGroup;
			children = (
				3FBCB1881DF8FBD700319552 /* Base */,
			);
			name = Main.storyboard;
			sourceTree = "<group>";
		};
		3FBCB18C1DF8FBD700319552 /* LaunchScreen.storyboard */ = {
			isa = PBXVariantGroup;
			children = (
				3FBCB18D1DF8FBD700319552 /* Base */,
			);
			name = LaunchScreen.storyboard;
			sourceTree = "<group>";
		};
/* End PBXVariantGroup section */

/* Begin XCBuildConfiguration section */
		3FB3F7971E2FBD2400929DDB /* Debug */ = {
			isa = XCBuildConfiguration;
			buildSettings = {
				DEVELOPMENT_TEAM = 2PJVDDC92U;
				INFOPLIST_FILE = widget/Info.plist;
				LD_RUNPATH_SEARCH_PATHS = "$(inherited) @executable_path/Frameworks @executable_path/../../Frameworks";
				PRODUCT_BUNDLE_IDENTIFIER = ne1ghbor.ToDoList.widget;
				PRODUCT_NAME = "$(TARGET_NAME)";
				SKIP_INSTALL = YES;
				SWIFT_VERSION = 3.0;
			};
			name = Debug;
		};
		3FB3F7981E2FBD2400929DDB /* Release */ = {
			isa = XCBuildConfiguration;
			buildSettings = {
				DEVELOPMENT_TEAM = 2PJVDDC92U;
				INFOPLIST_FILE = widget/Info.plist;
				LD_RUNPATH_SEARCH_PATHS = "$(inherited) @executable_path/Frameworks @executable_path/../../Frameworks";
				PRODUCT_BUNDLE_IDENTIFIER = ne1ghbor.ToDoList.widget;
				PRODUCT_NAME = "$(TARGET_NAME)";
				SKIP_INSTALL = YES;
				SWIFT_VERSION = 3.0;
			};
			name = Release;
		};
		3FB3F7AE1E2FBEAB00929DDB /* Debug */ = {
			isa = XCBuildConfiguration;
			buildSettings = {
				DEVELOPMENT_TEAM = 2PJVDDC92U;
				INFOPLIST_FILE = wiget/Info.plist;
				LD_RUNPATH_SEARCH_PATHS = "$(inherited) @executable_path/Frameworks @executable_path/../../Frameworks";
				PRODUCT_BUNDLE_IDENTIFIER = ne1ghbor.ToDoList.wiget;
				PRODUCT_NAME = "$(TARGET_NAME)";
				SKIP_INSTALL = YES;
				SWIFT_VERSION = 3.0;
			};
			name = Debug;
		};
		3FB3F7AF1E2FBEAB00929DDB /* Release */ = {
			isa = XCBuildConfiguration;
			buildSettings = {
				DEVELOPMENT_TEAM = 2PJVDDC92U;
				INFOPLIST_FILE = wiget/Info.plist;
				LD_RUNPATH_SEARCH_PATHS = "$(inherited) @executable_path/Frameworks @executable_path/../../Frameworks";
				PRODUCT_BUNDLE_IDENTIFIER = ne1ghbor.ToDoList.wiget;
				PRODUCT_NAME = "$(TARGET_NAME)";
				SKIP_INSTALL = YES;
				SWIFT_VERSION = 3.0;
			};
			name = Release;
		};
		3FBCB1A61DF8FBD700319552 /* Debug */ = {
			isa = XCBuildConfiguration;
			buildSettings = {
				ALWAYS_SEARCH_USER_PATHS = NO;
				CLANG_ANALYZER_NONNULL = YES;
				CLANG_CXX_LANGUAGE_STANDARD = "gnu++0x";
				CLANG_CXX_LIBRARY = "libc++";
				CLANG_ENABLE_MODULES = YES;
				CLANG_ENABLE_OBJC_ARC = YES;
				CLANG_WARN_BOOL_CONVERSION = YES;
				CLANG_WARN_CONSTANT_CONVERSION = YES;
				CLANG_WARN_DIRECT_OBJC_ISA_USAGE = YES_ERROR;
				CLANG_WARN_DOCUMENTATION_COMMENTS = YES;
				CLANG_WARN_EMPTY_BODY = YES;
				CLANG_WARN_ENUM_CONVERSION = YES;
				CLANG_WARN_INFINITE_RECURSION = YES;
				CLANG_WARN_INT_CONVERSION = YES;
				CLANG_WARN_OBJC_ROOT_CLASS = YES_ERROR;
				CLANG_WARN_SUSPICIOUS_MOVES = YES;
				CLANG_WARN_UNREACHABLE_CODE = YES;
				CLANG_WARN__DUPLICATE_METHOD_MATCH = YES;
				"CODE_SIGN_IDENTITY[sdk=iphoneos*]" = "iPhone Developer";
				COPY_PHASE_STRIP = NO;
				DEBUG_INFORMATION_FORMAT = dwarf;
				ENABLE_STRICT_OBJC_MSGSEND = YES;
				ENABLE_TESTABILITY = YES;
				GCC_C_LANGUAGE_STANDARD = gnu99;
				GCC_DYNAMIC_NO_PIC = NO;
				GCC_NO_COMMON_BLOCKS = YES;
				GCC_OPTIMIZATION_LEVEL = 0;
				GCC_PREPROCESSOR_DEFINITIONS = (
					"DEBUG=1",
					"$(inherited)",
				);
				GCC_WARN_64_TO_32_BIT_CONVERSION = YES;
				GCC_WARN_ABOUT_RETURN_TYPE = YES_ERROR;
				GCC_WARN_UNDECLARED_SELECTOR = YES;
				GCC_WARN_UNINITIALIZED_AUTOS = YES_AGGRESSIVE;
				GCC_WARN_UNUSED_FUNCTION = YES;
				GCC_WARN_UNUSED_VARIABLE = YES;
				IPHONEOS_DEPLOYMENT_TARGET = 10.1;
				MTL_ENABLE_DEBUG_INFO = YES;
				ONLY_ACTIVE_ARCH = YES;
				SDKROOT = iphoneos;
				SWIFT_ACTIVE_COMPILATION_CONDITIONS = DEBUG;
				SWIFT_OPTIMIZATION_LEVEL = "-Onone";
			};
			name = Debug;
		};
		3FBCB1A71DF8FBD700319552 /* Release */ = {
			isa = XCBuildConfiguration;
			buildSettings = {
				ALWAYS_SEARCH_USER_PATHS = NO;
				CLANG_ANALYZER_NONNULL = YES;
				CLANG_CXX_LANGUAGE_STANDARD = "gnu++0x";
				CLANG_CXX_LIBRARY = "libc++";
				CLANG_ENABLE_MODULES = YES;
				CLANG_ENABLE_OBJC_ARC = YES;
				CLANG_WARN_BOOL_CONVERSION = YES;
				CLANG_WARN_CONSTANT_CONVERSION = YES;
				CLANG_WARN_DIRECT_OBJC_ISA_USAGE = YES_ERROR;
				CLANG_WARN_DOCUMENTATION_COMMENTS = YES;
				CLANG_WARN_EMPTY_BODY = YES;
				CLANG_WARN_ENUM_CONVERSION = YES;
				CLANG_WARN_INFINITE_RECURSION = YES;
				CLANG_WARN_INT_CONVERSION = YES;
				CLANG_WARN_OBJC_ROOT_CLASS = YES_ERROR;
				CLANG_WARN_SUSPICIOUS_MOVES = YES;
				CLANG_WARN_UNREACHABLE_CODE = YES;
				CLANG_WARN__DUPLICATE_METHOD_MATCH = YES;
				"CODE_SIGN_IDENTITY[sdk=iphoneos*]" = "iPhone Developer";
				COPY_PHASE_STRIP = NO;
				DEBUG_INFORMATION_FORMAT = "dwarf-with-dsym";
				ENABLE_NS_ASSERTIONS = NO;
				ENABLE_STRICT_OBJC_MSGSEND = YES;
				GCC_C_LANGUAGE_STANDARD = gnu99;
				GCC_NO_COMMON_BLOCKS = YES;
				GCC_WARN_64_TO_32_BIT_CONVERSION = YES;
				GCC_WARN_ABOUT_RETURN_TYPE = YES_ERROR;
				GCC_WARN_UNDECLARED_SELECTOR = YES;
				GCC_WARN_UNINITIALIZED_AUTOS = YES_AGGRESSIVE;
				GCC_WARN_UNUSED_FUNCTION = YES;
				GCC_WARN_UNUSED_VARIABLE = YES;
				IPHONEOS_DEPLOYMENT_TARGET = 10.1;
				MTL_ENABLE_DEBUG_INFO = NO;
				SDKROOT = iphoneos;
				SWIFT_OPTIMIZATION_LEVEL = "-Owholemodule";
				VALIDATE_PRODUCT = YES;
			};
			name = Release;
		};
		3FBCB1A91DF8FBD700319552 /* Debug */ = {
			isa = XCBuildConfiguration;
			buildSettings = {
				ALWAYS_EMBED_SWIFT_STANDARD_LIBRARIES = YES;
				ASSETCATALOG_COMPILER_APPICON_NAME = AppIcon;
				DEVELOPMENT_TEAM = 2PJVDDC92U;
				INFOPLIST_FILE = ToDoList/Info.plist;
				IPHONEOS_DEPLOYMENT_TARGET = 10.1;
				LD_RUNPATH_SEARCH_PATHS = "$(inherited) @executable_path/Frameworks";
				PRODUCT_BUNDLE_IDENTIFIER = ne1ghbor.ToDoList;
				PRODUCT_NAME = "$(TARGET_NAME)";
				SWIFT_VERSION = 3.0;
			};
			name = Debug;
		};
		3FBCB1AA1DF8FBD700319552 /* Release */ = {
			isa = XCBuildConfiguration;
			buildSettings = {
				ALWAYS_EMBED_SWIFT_STANDARD_LIBRARIES = YES;
				ASSETCATALOG_COMPILER_APPICON_NAME = AppIcon;
				DEVELOPMENT_TEAM = 2PJVDDC92U;
				INFOPLIST_FILE = ToDoList/Info.plist;
				IPHONEOS_DEPLOYMENT_TARGET = 10.1;
				LD_RUNPATH_SEARCH_PATHS = "$(inherited) @executable_path/Frameworks";
				PRODUCT_BUNDLE_IDENTIFIER = ne1ghbor.ToDoList;
				PRODUCT_NAME = "$(TARGET_NAME)";
				SWIFT_VERSION = 3.0;
			};
			name = Release;
		};
		3FBCB1AC1DF8FBD700319552 /* Debug */ = {
			isa = XCBuildConfiguration;
			buildSettings = {
				ALWAYS_EMBED_SWIFT_STANDARD_LIBRARIES = YES;
				BUNDLE_LOADER = "$(TEST_HOST)";
				INFOPLIST_FILE = ToDoListTests/Info.plist;
				LD_RUNPATH_SEARCH_PATHS = "$(inherited) @executable_path/Frameworks @loader_path/Frameworks";
				PRODUCT_BUNDLE_IDENTIFIER = ne1ghbor.ToDoListTests;
				PRODUCT_NAME = "$(TARGET_NAME)";
				SWIFT_VERSION = 3.0;
				TEST_HOST = "$(BUILT_PRODUCTS_DIR)/ToDoList.app/ToDoList";
			};
			name = Debug;
		};
		3FBCB1AD1DF8FBD700319552 /* Release */ = {
			isa = XCBuildConfiguration;
			buildSettings = {
				ALWAYS_EMBED_SWIFT_STANDARD_LIBRARIES = YES;
				BUNDLE_LOADER = "$(TEST_HOST)";
				INFOPLIST_FILE = ToDoListTests/Info.plist;
				LD_RUNPATH_SEARCH_PATHS = "$(inherited) @executable_path/Frameworks @loader_path/Frameworks";
				PRODUCT_BUNDLE_IDENTIFIER = ne1ghbor.ToDoListTests;
				PRODUCT_NAME = "$(TARGET_NAME)";
				SWIFT_VERSION = 3.0;
				TEST_HOST = "$(BUILT_PRODUCTS_DIR)/ToDoList.app/ToDoList";
			};
			name = Release;
		};
		3FBCB1AF1DF8FBD700319552 /* Debug */ = {
			isa = XCBuildConfiguration;
			buildSettings = {
				ALWAYS_EMBED_SWIFT_STANDARD_LIBRARIES = YES;
				INFOPLIST_FILE = ToDoListUITests/Info.plist;
				LD_RUNPATH_SEARCH_PATHS = "$(inherited) @executable_path/Frameworks @loader_path/Frameworks";
				PRODUCT_BUNDLE_IDENTIFIER = ne1ghbor.ToDoListUITests;
				PRODUCT_NAME = "$(TARGET_NAME)";
				SWIFT_VERSION = 3.0;
				TEST_TARGET_NAME = ToDoList;
			};
			name = Debug;
		};
		3FBCB1B01DF8FBD700319552 /* Release */ = {
			isa = XCBuildConfiguration;
			buildSettings = {
				ALWAYS_EMBED_SWIFT_STANDARD_LIBRARIES = YES;
				INFOPLIST_FILE = ToDoListUITests/Info.plist;
				LD_RUNPATH_SEARCH_PATHS = "$(inherited) @executable_path/Frameworks @loader_path/Frameworks";
				PRODUCT_BUNDLE_IDENTIFIER = ne1ghbor.ToDoListUITests;
				PRODUCT_NAME = "$(TARGET_NAME)";
				SWIFT_VERSION = 3.0;
				TEST_TARGET_NAME = ToDoList;
			};
			name = Release;
		};
/* End XCBuildConfiguration section */

/* Begin XCConfigurationList section */
		3FB3F7991E2FBD2400929DDB /* Build configuration list for PBXNativeTarget "widget" */ = {
			isa = XCConfigurationList;
			buildConfigurations = (
				3FB3F7971E2FBD2400929DDB /* Debug */,
				3FB3F7981E2FBD2400929DDB /* Release */,
			);
			defaultConfigurationIsVisible = 0;
		};
		3FB3F7AD1E2FBEAB00929DDB /* Build configuration list for PBXNativeTarget "wiget" */ = {
			isa = XCConfigurationList;
			buildConfigurations = (
				3FB3F7AE1E2FBEAB00929DDB /* Debug */,
				3FB3F7AF1E2FBEAB00929DDB /* Release */,
			);
			defaultConfigurationIsVisible = 0;
		};
		3FBCB17B1DF8FBD700319552 /* Build configuration list for PBXProject "ToDoList" */ = {
			isa = XCConfigurationList;
			buildConfigurations = (
				3FBCB1A61DF8FBD700319552 /* Debug */,
				3FBCB1A71DF8FBD700319552 /* Release */,
			);
			defaultConfigurationIsVisible = 0;
			defaultConfigurationName = Release;
		};
		3FBCB1A81DF8FBD700319552 /* Build configuration list for PBXNativeTarget "ToDoList" */ = {
			isa = XCConfigurationList;
			buildConfigurations = (
				3FBCB1A91DF8FBD700319552 /* Debug */,
				3FBCB1AA1DF8FBD700319552 /* Release */,
			);
			defaultConfigurationIsVisible = 0;
			defaultConfigurationName = Release;
		};
		3FBCB1AB1DF8FBD700319552 /* Build configuration list for PBXNativeTarget "ToDoListTests" */ = {
			isa = XCConfigurationList;
			buildConfigurations = (
				3FBCB1AC1DF8FBD700319552 /* Debug */,
				3FBCB1AD1DF8FBD700319552 /* Release */,
			);
			defaultConfigurationIsVisible = 0;
			defaultConfigurationName = Release;
		};
		3FBCB1AE1DF8FBD700319552 /* Build configuration list for PBXNativeTarget "ToDoListUITests" */ = {
			isa = XCConfigurationList;
			buildConfigurations = (
				3FBCB1AF1DF8FBD700319552 /* Debug */,
				3FBCB1B01DF8FBD700319552 /* Release */,
			);
			defaultConfigurationIsVisible = 0;
			defaultConfigurationName = Release;
		};
/* End XCConfigurationList section */
	};
	rootObject = 3FBCB1781DF8FBD700319552 /* Project object */;
}
